
Microsoft Visual Studio Solution File, Format Version 12.00
# Visual Studio Version 17
VisualStudioVersion = 17.1.32328.378
MinimumVisualStudioVersion = 10.0.40219.1
Project("{FAE04EC0-301F-11D3-BF4B-00C04F79EFBC}") = "API", "API\API.csproj", "{D615E1F1-14D9-41E6-BB63-3EC236582C93}"
EndProject
Global
	GlobalSection(SolutionConfigurationPlatforms) = preSolution
		Debug|Any CPU = Debug|Any CPU
		Release|Any CPU = Release|Any CPU
	EndGlobalSection
	GlobalSection(ProjectConfigurationPlatforms) = postSolution
		{D615E1F1-14D9-41E6-BB63-3EC236582C93}.Debug|Any CPU.ActiveCfg = Debug|Any CPU
		{D615E1F1-14D9-41E6-BB63-3EC236582C93}.Debug|Any CPU.Build.0 = Debug|Any CPU
		{D615E1F1-14D9-41E6-BB63-3EC236582C93}.Release|Any CPU.ActiveCfg = Release|Any CPU
		{D615E1F1-14D9-41E6-BB63-3EC236582C93}.Release|Any CPU.Build.0 = Release|Any CPU
	EndGlobalSection
	GlobalSection(SolutionProperties) = preSolution
		HideSolutionNode = FALSE
	EndGlobalSection
	GlobalSection(ExtensibilityGlobals) = postSolution
		SolutionGuid = {FB72B733-FEA1-4452-A0B8-3D94EC331D24}
	EndGlobalSection
EndGlobal
